
Microsoft Visual Studio Solution File, Format Version 12.00
# Visual Studio Version 17
VisualStudioVersion = 17.1.32328.378
MinimumVisualStudioVersion = 10.0.40219.1
Project("{2150E333-8FDC-42A3-9474-1A3956D46DE8}") = "BackEnd", "BackEnd", "{574B5C5F-EBF1-474D-82A0-E74AB245CA91}"
EndProject
Project("{2150E333-8FDC-42A3-9474-1A3956D46DE8}") = "API", "API", "{ED304EE2-EA59-412D-848E-C62AC620060A}"
EndProject
Project("{2150E333-8FDC-42A3-9474-1A3956D46DE8}") = "DAO", "DAO", "{C4128A40-DC56-4DFE-BC6B-17CB388DB121}"
EndProject
Project("{2150E333-8FDC-42A3-9474-1A3956D46DE8}") = "Model", "Model", "{2EF0A8D2-4D50-4C7E-8604-E4E4759DC028}"
EndProject
Project("{2150E333-8FDC-42A3-9474-1A3956D46DE8}") = "RepositoryBL", "RepositoryBL", "{65759A76-9A22-41AD-8647-D24596BBD938}"
EndProject
Project("{9A19103F-16F7-4668-BE54-9A1E7A4F7556}") = "Code.Repository.DAO", "librerias\Code.Repository.EntityFramework\Code.Repository.DAO.csproj", "{CE9C76B2-C972-438B-B89C-75D84319F1C3}"
EndProject
Project("{9A19103F-16F7-4668-BE54-9A1E7A4F7556}") = "Code.Repository.Model", "librerias\Code.Repository.Model\Code.Repository.Model.csproj", "{59B29B2B-72E9-4414-96EF-6A0DCF7D5A92}"
EndProject
Project("{9A19103F-16F7-4668-BE54-9A1E7A4F7556}") = "Code.Repository.RepositoryBL", "librerias\Code.Repository.Repository\Code.Repository.RepositoryBL.csproj", "{42639F41-436A-405E-AE51-ABBC22064E94}"
EndProject
Project("{9A19103F-16F7-4668-BE54-9A1E7A4F7556}") = "API", "librerias\API\API.csproj", "{9FD5C812-1578-440A-AF13-63360F67F206}"
EndProject
Project("{2150E333-8FDC-42A3-9474-1A3956D46DE8}") = "RepositorySession", "RepositorySession", "{869320F1-1C48-4FE8-9125-37CF33DB5868}"
EndProject
Project("{9A19103F-16F7-4668-BE54-9A1E7A4F7556}") = "Code.Repository.Session", "librerias\Code.Repository.Session\Session\Code.Repository.Session.csproj", "{1921B738-E528-4222-90C4-25777816F28C}"
EndProject
Project("{2150E333-8FDC-42A3-9474-1A3956D46DE8}") = "RepositoryDocument", "RepositoryDocument", "{4905EDCB-543E-4393-96CB-295E228EF295}"
EndProject
Project("{9A19103F-16F7-4668-BE54-9A1E7A4F7556}") = "Code.Repository.Document", "librerias\Code.Repository.Document\Code.Repository.Document\Code.Repository.Document.csproj", "{2349E681-8CD6-48FA-A530-970E6333C635}"
EndProject
Project("{2150E333-8FDC-42A3-9474-1A3956D46DE8}") = "RepositoryEmail", "RepositoryEmail", "{AB6F586C-6D84-48AC-8B85-AD82EBC1B282}"
EndProject
Project("{9A19103F-16F7-4668-BE54-9A1E7A4F7556}") = "Code.Repository.Email", "librerias\Code.Repository.Email\Code.Repository.Email.csproj", "{111D1FC6-F0BA-4FB0-A8AD-F06DC1F4868A}"
EndProject
Global
	GlobalSection(SolutionConfigurationPlatforms) = preSolution
		Debug|Any CPU = Debug|Any CPU
		Release|Any CPU = Release|Any CPU
	EndGlobalSection
	GlobalSection(ProjectConfigurationPlatforms) = postSolution
		{CE9C76B2-C972-438B-B89C-75D84319F1C3}.Debug|Any CPU.ActiveCfg = Debug|Any CPU
		{CE9C76B2-C972-438B-B89C-75D84319F1C3}.Debug|Any CPU.Build.0 = Debug|Any CPU
		{CE9C76B2-C972-438B-B89C-75D84319F1C3}.Release|Any CPU.ActiveCfg = Release|Any CPU
		{CE9C76B2-C972-438B-B89C-75D84319F1C3}.Release|Any CPU.Build.0 = Release|Any CPU
		{59B29B2B-72E9-4414-96EF-6A0DCF7D5A92}.Debug|Any CPU.ActiveCfg = Debug|Any CPU
		{59B29B2B-72E9-4414-96EF-6A0DCF7D5A92}.Debug|Any CPU.Build.0 = Debug|Any CPU
		{59B29B2B-72E9-4414-96EF-6A0DCF7D5A92}.Release|Any CPU.ActiveCfg = Release|Any CPU
		{59B29B2B-72E9-4414-96EF-6A0DCF7D5A92}.Release|Any CPU.Build.0 = Release|Any CPU
		{42639F41-436A-405E-AE51-ABBC22064E94}.Debug|Any CPU.ActiveCfg = Debug|Any CPU
		{42639F41-436A-405E-AE51-ABBC22064E94}.Debug|Any CPU.Build.0 = Debug|Any CPU
		{42639F41-436A-405E-AE51-ABBC22064E94}.Release|Any CPU.ActiveCfg = Release|Any CPU
		{42639F41-436A-405E-AE51-ABBC22064E94}.Release|Any CPU.Build.0 = Release|Any CPU
		{9FD5C812-1578-440A-AF13-63360F67F206}.Debug|Any CPU.ActiveCfg = Debug|Any CPU
		{9FD5C812-1578-440A-AF13-63360F67F206}.Debug|Any CPU.Build.0 = Debug|Any CPU
		{9FD5C812-1578-440A-AF13-63360F67F206}.Release|Any CPU.ActiveCfg = Release|Any CPU
		{9FD5C812-1578-440A-AF13-63360F67F206}.Release|Any CPU.Build.0 = Release|Any CPU
		{1921B738-E528-4222-90C4-25777816F28C}.Debug|Any CPU.ActiveCfg = Debug|Any CPU
		{1921B738-E528-4222-90C4-25777816F28C}.Debug|Any CPU.Build.0 = Debug|Any CPU
		{1921B738-E528-4222-90C4-25777816F28C}.Release|Any CPU.ActiveCfg = Release|Any CPU
		{1921B738-E528-4222-90C4-25777816F28C}.Release|Any CPU.Build.0 = Release|Any CPU
		{2349E681-8CD6-48FA-A530-970E6333C635}.Debug|Any CPU.ActiveCfg = Debug|Any CPU
		{2349E681-8CD6-48FA-A530-970E6333C635}.Debug|Any CPU.Build.0 = Debug|Any CPU
		{2349E681-8CD6-48FA-A530-970E6333C635}.Release|Any CPU.ActiveCfg = Release|Any CPU
		{2349E681-8CD6-48FA-A530-970E6333C635}.Release|Any CPU.Build.0 = Release|Any CPU
		{111D1FC6-F0BA-4FB0-A8AD-F06DC1F4868A}.Debug|Any CPU.ActiveCfg = Debug|Any CPU
		{111D1FC6-F0BA-4FB0-A8AD-F06DC1F4868A}.Debug|Any CPU.Build.0 = Debug|Any CPU
		{111D1FC6-F0BA-4FB0-A8AD-F06DC1F4868A}.Release|Any CPU.ActiveCfg = Release|Any CPU
		{111D1FC6-F0BA-4FB0-A8AD-F06DC1F4868A}.Release|Any CPU.Build.0 = Release|Any CPU
	EndGlobalSection
	GlobalSection(SolutionProperties) = preSolution
		HideSolutionNode = FALSE
	EndGlobalSection
	GlobalSection(NestedProjects) = preSolution
		{ED304EE2-EA59-412D-848E-C62AC620060A} = {574B5C5F-EBF1-474D-82A0-E74AB245CA91}
		{C4128A40-DC56-4DFE-BC6B-17CB388DB121} = {574B5C5F-EBF1-474D-82A0-E74AB245CA91}
		{2EF0A8D2-4D50-4C7E-8604-E4E4759DC028} = {574B5C5F-EBF1-474D-82A0-E74AB245CA91}
		{65759A76-9A22-41AD-8647-D24596BBD938} = {574B5C5F-EBF1-474D-82A0-E74AB245CA91}
		{CE9C76B2-C972-438B-B89C-75D84319F1C3} = {C4128A40-DC56-4DFE-BC6B-17CB388DB121}
		{59B29B2B-72E9-4414-96EF-6A0DCF7D5A92} = {2EF0A8D2-4D50-4C7E-8604-E4E4759DC028}
		{42639F41-436A-405E-AE51-ABBC22064E94} = {65759A76-9A22-41AD-8647-D24596BBD938}
		{9FD5C812-1578-440A-AF13-63360F67F206} = {ED304EE2-EA59-412D-848E-C62AC620060A}
		{869320F1-1C48-4FE8-9125-37CF33DB5868} = {574B5C5F-EBF1-474D-82A0-E74AB245CA91}
		{1921B738-E528-4222-90C4-25777816F28C} = {869320F1-1C48-4FE8-9125-37CF33DB5868}
		{4905EDCB-543E-4393-96CB-295E228EF295} = {574B5C5F-EBF1-474D-82A0-E74AB245CA91}
		{2349E681-8CD6-48FA-A530-970E6333C635} = {4905EDCB-543E-4393-96CB-295E228EF295}
		{AB6F586C-6D84-48AC-8B85-AD82EBC1B282} = {574B5C5F-EBF1-474D-82A0-E74AB245CA91}
		{111D1FC6-F0BA-4FB0-A8AD-F06DC1F4868A} = {AB6F586C-6D84-48AC-8B85-AD82EBC1B282}
	EndGlobalSection
	GlobalSection(ExtensibilityGlobals) = postSolution
		SolutionGuid = {31EB4115-3912-4233-A033-D6AB0FC274C4}
	EndGlobalSection
EndGlobal
